
Microsoft Visual Studio Solution File, Format Version 12.00
# Visual Studio 15
VisualStudioVersion = 15.0.28307.1082
MinimumVisualStudioVersion = 10.0.40219.1
Project("{FAE04EC0-301F-11D3-BF4B-00C04F79EFBC}") = "TaskManagementWinForm", "TaskManagementWinForm\TaskManagementWinForm.csproj", "{AE43F60F-AB82-41A0-86E6-B8B4B1F50676}"
EndProject
Project("{FAE04EC0-301F-11D3-BF4B-00C04F79EFBC}") = "TaskManagementLibrary", "TaskManagementLibrary\TaskManagementLibrary.csproj", "{58B83C41-DAC8-41CC-916F-59A497D734CA}"
EndProject
Global
	GlobalSection(SolutionConfigurationPlatforms) = preSolution
		Debug|Any CPU = Debug|Any CPU
		Release|Any CPU = Release|Any CPU
	EndGlobalSection
	GlobalSection(ProjectConfigurationPlatforms) = postSolution
		{AE43F60F-AB82-41A0-86E6-B8B4B1F50676}.Debug|Any CPU.ActiveCfg = Debug|Any CPU
		{AE43F60F-AB82-41A0-86E6-B8B4B1F50676}.Debug|Any CPU.Build.0 = Debug|Any CPU
		{AE43F60F-AB82-41A0-86E6-B8B4B1F50676}.Release|Any CPU.ActiveCfg = Release|Any CPU
		{AE43F60F-AB82-41A0-86E6-B8B4B1F50676}.Release|Any CPU.Build.0 = Release|Any CPU
		{58B83C41-DAC8-41CC-916F-59A497D734CA}.Debug|Any CPU.ActiveCfg = Debug|Any CPU
		{58B83C41-DAC8-41CC-916F-59A497D734CA}.Debug|Any CPU.Build.0 = Debug|Any CPU
		{58B83C41-DAC8-41CC-916F-59A497D734CA}.Release|Any CPU.ActiveCfg = Release|Any CPU
		{58B83C41-DAC8-41CC-916F-59A497D734CA}.Release|Any CPU.Build.0 = Release|Any CPU
	EndGlobalSection
	GlobalSection(SolutionProperties) = preSolution
		HideSolutionNode = FALSE
	EndGlobalSection
	GlobalSection(ExtensibilityGlobals) = postSolution
		SolutionGuid = {C6005933-76E8-4425-B3AC-468CDCB67844}
	EndGlobalSection
EndGlobal
